
Microsoft Visual Studio Solution File, Format Version 12.00
# Visual Studio Version 17
VisualStudioVersion = 17.6.33829.357
MinimumVisualStudioVersion = 10.0.40219.1
Project("{9A19103F-16F7-4668-BE54-9A1E7A4F7556}") = "minifuscator", "minifuscator\minifuscator.csproj", "{54009F4C-7CF7-4853-B527-CEF62C91D6AD}"
EndProject
Project("{9A19103F-16F7-4668-BE54-9A1E7A4F7556}") = "minifuscator.CLI", "minifuscator.CLI\minifuscator.CLI.csproj", "{FCB4176E-EAC6-4FFE-8C68-C60671069FFF}"
EndProject
Project("{FAE04EC0-301F-11D3-BF4B-00C04F79EFBC}") = "minifuscator.Protections", "minifuscator.Protections\minifuscator.Protections.csproj", "{C1502FA2-52F1-47F3-A746-011EC89F773C}"
EndProject
Project("{FAE04EC0-301F-11D3-BF4B-00C04F79EFBC}") = "minifuscator.Shared", "minifuscator.Shared\minifuscator.Shared.csproj", "{9F7AC80A-9A9B-44AF-B149-2A8B37CCC052}"
EndProject
Global
	GlobalSection(SolutionConfigurationPlatforms) = preSolution
		Debug|Any CPU = Debug|Any CPU
		Release|Any CPU = Release|Any CPU
	EndGlobalSection
	GlobalSection(ProjectConfigurationPlatforms) = postSolution
		{54009F4C-7CF7-4853-B527-CEF62C91D6AD}.Debug|Any CPU.ActiveCfg = Debug|Any CPU
		{54009F4C-7CF7-4853-B527-CEF62C91D6AD}.Debug|Any CPU.Build.0 = Debug|Any CPU
		{54009F4C-7CF7-4853-B527-CEF62C91D6AD}.Release|Any CPU.ActiveCfg = Release|Any CPU
		{54009F4C-7CF7-4853-B527-CEF62C91D6AD}.Release|Any CPU.Build.0 = Release|Any CPU
		{FCB4176E-EAC6-4FFE-8C68-C60671069FFF}.Debug|Any CPU.ActiveCfg = Debug|Any CPU
		{FCB4176E-EAC6-4FFE-8C68-C60671069FFF}.Debug|Any CPU.Build.0 = Debug|Any CPU
		{FCB4176E-EAC6-4FFE-8C68-C60671069FFF}.Release|Any CPU.ActiveCfg = Release|Any CPU
		{FCB4176E-EAC6-4FFE-8C68-C60671069FFF}.Release|Any CPU.Build.0 = Release|Any CPU
		{C1502FA2-52F1-47F3-A746-011EC89F773C}.Debug|Any CPU.ActiveCfg = Debug|Any CPU
		{C1502FA2-52F1-47F3-A746-011EC89F773C}.Debug|Any CPU.Build.0 = Debug|Any CPU
		{C1502FA2-52F1-47F3-A746-011EC89F773C}.Release|Any CPU.ActiveCfg = Release|Any CPU
		{C1502FA2-52F1-47F3-A746-011EC89F773C}.Release|Any CPU.Build.0 = Release|Any CPU
		{9F7AC80A-9A9B-44AF-B149-2A8B37CCC052}.Debug|Any CPU.ActiveCfg = Debug|Any CPU
		{9F7AC80A-9A9B-44AF-B149-2A8B37CCC052}.Debug|Any CPU.Build.0 = Debug|Any CPU
		{9F7AC80A-9A9B-44AF-B149-2A8B37CCC052}.Release|Any CPU.ActiveCfg = Release|Any CPU
		{9F7AC80A-9A9B-44AF-B149-2A8B37CCC052}.Release|Any CPU.Build.0 = Release|Any CPU
	EndGlobalSection
	GlobalSection(SolutionProperties) = preSolution
		HideSolutionNode = FALSE
	EndGlobalSection
	GlobalSection(ExtensibilityGlobals) = postSolution
		SolutionGuid = {701BE2C8-BB89-44FE-AEAE-0335BA5B7390}
	EndGlobalSection
EndGlobal
